
Microsoft Visual Studio Solution File, Format Version 11.00
# Visual Studio 2010
Project("{FAE04EC0-301F-11D3-BF4B-00C04F79EFBC}") = "UnityEngine.UI", "UnityEngine.UI.csproj", "{22028652-B6D4-463B-B775-248651649F58}"
EndProject
Project("{FAE04EC0-301F-11D3-BF4B-00C04F79EFBC}") = "Assembly-CSharp", "Assembly-CSharp.csproj", "{20D548D9-5993-44B8-7260-A9ABDC3AF051}"
EndProject
Project("{FAE04EC0-301F-11D3-BF4B-00C04F79EFBC}") = "UnityEditor.UI", "UnityEditor.UI.csproj", "{916BADB5-C556-8394-C977-6825F43B2230}"
EndProject
Project("{FAE04EC0-301F-11D3-BF4B-00C04F79EFBC}") = "Unity.2D.Sprite.Editor", "Unity.2D.Sprite.Editor.csproj", "{078F884D-51D3-2F55-1E0A-A5203489CC5D}"
EndProject
Project("{FAE04EC0-301F-11D3-BF4B-00C04F79EFBC}") = "Unity.2D.Tilemap.Editor", "Unity.2D.Tilemap.Editor.csproj", "{61CF151D-1CF4-5E84-FABC-B4F24157EB19}"
EndProject
Global
	GlobalSection(SolutionConfigurationPlatforms) = preSolution
		Debug|Any CPU = Debug|Any CPU
		Release|Any CPU = Release|Any CPU
	EndGlobalSection
	GlobalSection(ProjectConfigurationPlatforms) = postSolution
		{22028652-B6D4-463B-B775-248651649F58}.Debug|Any CPU.ActiveCfg = Debug|Any CPU
		{22028652-B6D4-463B-B775-248651649F58}.Debug|Any CPU.Build.0 = Debug|Any CPU
		{22028652-B6D4-463B-B775-248651649F58}.Release|Any CPU.ActiveCfg = Release|Any CPU
		{22028652-B6D4-463B-B775-248651649F58}.Release|Any CPU.Build.0 = Release|Any CPU
		{20D548D9-5993-44B8-7260-A9ABDC3AF051}.Debug|Any CPU.ActiveCfg = Debug|Any CPU
		{20D548D9-5993-44B8-7260-A9ABDC3AF051}.Debug|Any CPU.Build.0 = Debug|Any CPU
		{20D548D9-5993-44B8-7260-A9ABDC3AF051}.Release|Any CPU.ActiveCfg = Release|Any CPU
		{20D548D9-5993-44B8-7260-A9ABDC3AF051}.Release|Any CPU.Build.0 = Release|Any CPU
		{916BADB5-C556-8394-C977-6825F43B2230}.Debug|Any CPU.ActiveCfg = Debug|Any CPU
		{916BADB5-C556-8394-C977-6825F43B2230}.Debug|Any CPU.Build.0 = Debug|Any CPU
		{916BADB5-C556-8394-C977-6825F43B2230}.Release|Any CPU.ActiveCfg = Release|Any CPU
		{916BADB5-C556-8394-C977-6825F43B2230}.Release|Any CPU.Build.0 = Release|Any CPU
		{078F884D-51D3-2F55-1E0A-A5203489CC5D}.Debug|Any CPU.ActiveCfg = Debug|Any CPU
		{078F884D-51D3-2F55-1E0A-A5203489CC5D}.Debug|Any CPU.Build.0 = Debug|Any CPU
		{078F884D-51D3-2F55-1E0A-A5203489CC5D}.Release|Any CPU.ActiveCfg = Release|Any CPU
		{078F884D-51D3-2F55-1E0A-A5203489CC5D}.Release|Any CPU.Build.0 = Release|Any CPU
		{61CF151D-1CF4-5E84-FABC-B4F24157EB19}.Debug|Any CPU.ActiveCfg = Debug|Any CPU
		{61CF151D-1CF4-5E84-FABC-B4F24157EB19}.Debug|Any CPU.Build.0 = Debug|Any CPU
		{61CF151D-1CF4-5E84-FABC-B4F24157EB19}.Release|Any CPU.ActiveCfg = Release|Any CPU
		{61CF151D-1CF4-5E84-FABC-B4F24157EB19}.Release|Any CPU.Build.0 = Release|Any CPU
	EndGlobalSection
	GlobalSection(SolutionProperties) = preSolution
		HideSolutionNode = FALSE
	EndGlobalSection
EndGlobal
